
Microsoft Visual Studio Solution File, Format Version 12.00
# Visual Studio Version 17
VisualStudioVersion = 17.5.33414.496
MinimumVisualStudioVersion = 10.0.40219.1
Project("{8BC9CEB8-8B4A-11D0-8D11-00A0C91BC942}") = "Final", "Final\Final.vcxproj", "{2C691FDF-4BA3-47FF-956C-41C5B1186782}"
EndProject
Global
	GlobalSection(SolutionConfigurationPlatforms) = preSolution
		Debug|x64 = Debug|x64
		Debug|x86 = Debug|x86
		Release|x64 = Release|x64
		Release|x86 = Release|x86
	EndGlobalSection
	GlobalSection(ProjectConfigurationPlatforms) = postSolution
		{2C691FDF-4BA3-47FF-956C-41C5B1186782}.Debug|x64.ActiveCfg = Debug|x64
		{2C691FDF-4BA3-47FF-956C-41C5B1186782}.Debug|x64.Build.0 = Debug|x64
		{2C691FDF-4BA3-47FF-956C-41C5B1186782}.Debug|x86.ActiveCfg = Debug|Win32
		{2C691FDF-4BA3-47FF-956C-41C5B1186782}.Debug|x86.Build.0 = Debug|Win32
		{2C691FDF-4BA3-47FF-956C-41C5B1186782}.Release|x64.ActiveCfg = Release|x64
		{2C691FDF-4BA3-47FF-956C-41C5B1186782}.Release|x64.Build.0 = Release|x64
		{2C691FDF-4BA3-47FF-956C-41C5B1186782}.Release|x86.ActiveCfg = Release|Win32
		{2C691FDF-4BA3-47FF-956C-41C5B1186782}.Release|x86.Build.0 = Release|Win32
	EndGlobalSection
	GlobalSection(SolutionProperties) = preSolution
		HideSolutionNode = FALSE
	EndGlobalSection
	GlobalSection(ExtensibilityGlobals) = postSolution
		SolutionGuid = {B588ADF0-F6D8-4FB3-A0EC-2AD857C2F81C}
	EndGlobalSection
EndGlobal
